
Microsoft Visual Studio Solution File, Format Version 12.00
# Visual Studio 2013
VisualStudioVersion = 12.0.40629.0
MinimumVisualStudioVersion = 10.0.40219.1
Project("{FAE04EC0-301F-11D3-BF4B-00C04F79EFBC}") = "WeatherPatternsObserver", "WeatherPatternsObserver\WeatherPatternsObserver.csproj", "{11EBD470-26F5-4767-B047-ACD46AC30476}"
EndProject
Project("{FAE04EC0-301F-11D3-BF4B-00C04F79EFBC}") = "UnitTestsWeatherObserver", "UnitTestsWeatherObserver\UnitTestsWeatherObserver.csproj", "{80645251-FFF2-4F02-A40E-F77BAD88E6BA}"
EndProject
Global
	GlobalSection(SolutionConfigurationPlatforms) = preSolution
		Debug|Any CPU = Debug|Any CPU
		Release|Any CPU = Release|Any CPU
	EndGlobalSection
	GlobalSection(ProjectConfigurationPlatforms) = postSolution
		{11EBD470-26F5-4767-B047-ACD46AC30476}.Debug|Any CPU.ActiveCfg = Debug|Any CPU
		{11EBD470-26F5-4767-B047-ACD46AC30476}.Debug|Any CPU.Build.0 = Debug|Any CPU
		{11EBD470-26F5-4767-B047-ACD46AC30476}.Release|Any CPU.ActiveCfg = Release|Any CPU
		{11EBD470-26F5-4767-B047-ACD46AC30476}.Release|Any CPU.Build.0 = Release|Any CPU
		{80645251-FFF2-4F02-A40E-F77BAD88E6BA}.Debug|Any CPU.ActiveCfg = Debug|Any CPU
		{80645251-FFF2-4F02-A40E-F77BAD88E6BA}.Debug|Any CPU.Build.0 = Debug|Any CPU
		{80645251-FFF2-4F02-A40E-F77BAD88E6BA}.Release|Any CPU.ActiveCfg = Release|Any CPU
		{80645251-FFF2-4F02-A40E-F77BAD88E6BA}.Release|Any CPU.Build.0 = Release|Any CPU
	EndGlobalSection
	GlobalSection(SolutionProperties) = preSolution
		HideSolutionNode = FALSE
	EndGlobalSection
EndGlobal
